
Microsoft Visual Studio Solution File, Format Version 12.00
# Visual Studio Version 17
VisualStudioVersion = 17.2.32602.215
MinimumVisualStudioVersion = 10.0.40219.1
Project("{FAE04EC0-301F-11D3-BF4B-00C04F79EFBC}") = "01_Classe", "01_Classe\01_Classe.csproj", "{91CE1E49-02D7-4BCB-8CEC-A6F080023311}"
EndProject
Project("{FAE04EC0-301F-11D3-BF4B-00C04F79EFBC}") = "02_Estatico", "02_Estatico\02_Estatico.csproj", "{C9C45510-D149-4994-ACCC-9E5E5ADD9FC9}"
EndProject
Global
	GlobalSection(SolutionConfigurationPlatforms) = preSolution
		Debug|Any CPU = Debug|Any CPU
		Release|Any CPU = Release|Any CPU
	EndGlobalSection
	GlobalSection(ProjectConfigurationPlatforms) = postSolution
		{91CE1E49-02D7-4BCB-8CEC-A6F080023311}.Debug|Any CPU.ActiveCfg = Debug|Any CPU
		{91CE1E49-02D7-4BCB-8CEC-A6F080023311}.Debug|Any CPU.Build.0 = Debug|Any CPU
		{91CE1E49-02D7-4BCB-8CEC-A6F080023311}.Release|Any CPU.ActiveCfg = Release|Any CPU
		{91CE1E49-02D7-4BCB-8CEC-A6F080023311}.Release|Any CPU.Build.0 = Release|Any CPU
		{C9C45510-D149-4994-ACCC-9E5E5ADD9FC9}.Debug|Any CPU.ActiveCfg = Debug|Any CPU
		{C9C45510-D149-4994-ACCC-9E5E5ADD9FC9}.Debug|Any CPU.Build.0 = Debug|Any CPU
		{C9C45510-D149-4994-ACCC-9E5E5ADD9FC9}.Release|Any CPU.ActiveCfg = Release|Any CPU
		{C9C45510-D149-4994-ACCC-9E5E5ADD9FC9}.Release|Any CPU.Build.0 = Release|Any CPU
	EndGlobalSection
	GlobalSection(SolutionProperties) = preSolution
		HideSolutionNode = FALSE
	EndGlobalSection
	GlobalSection(ExtensibilityGlobals) = postSolution
		SolutionGuid = {C7A84607-9671-4218-88AA-ECEEF04FCB96}
	EndGlobalSection
EndGlobal
