
Microsoft Visual Studio Solution File, Format Version 12.00
# Visual Studio Version 17
VisualStudioVersion = 17.2.32602.215
MinimumVisualStudioVersion = 10.0.40219.1
Project("{FAE04EC0-301F-11D3-BF4B-00C04F79EFBC}") = "01_EstCondIf", "01_EstCondIf\01_EstCondIf.csproj", "{6FCA25CE-FE1D-4674-A8FE-C12DC83B6477}"
EndProject
Project("{FAE04EC0-301F-11D3-BF4B-00C04F79EFBC}") = "02_EstCondSwitch", "02_EstCondSwitch\02_EstCondSwitch.csproj", "{735CC9A5-047E-40C7-B87F-4AC822A369F2}"
EndProject
Project("{FAE04EC0-301F-11D3-BF4B-00C04F79EFBC}") = "EstRepWhile", "EstRepWhile\EstRepWhile.csproj", "{7B81699B-B92F-4E9F-B2AA-8812B26F5CCF}"
EndProject
Global
	GlobalSection(SolutionConfigurationPlatforms) = preSolution
		Debug|Any CPU = Debug|Any CPU
		Release|Any CPU = Release|Any CPU
	EndGlobalSection
	GlobalSection(ProjectConfigurationPlatforms) = postSolution
		{6FCA25CE-FE1D-4674-A8FE-C12DC83B6477}.Debug|Any CPU.ActiveCfg = Debug|Any CPU
		{6FCA25CE-FE1D-4674-A8FE-C12DC83B6477}.Debug|Any CPU.Build.0 = Debug|Any CPU
		{6FCA25CE-FE1D-4674-A8FE-C12DC83B6477}.Release|Any CPU.ActiveCfg = Release|Any CPU
		{6FCA25CE-FE1D-4674-A8FE-C12DC83B6477}.Release|Any CPU.Build.0 = Release|Any CPU
		{735CC9A5-047E-40C7-B87F-4AC822A369F2}.Debug|Any CPU.ActiveCfg = Debug|Any CPU
		{735CC9A5-047E-40C7-B87F-4AC822A369F2}.Debug|Any CPU.Build.0 = Debug|Any CPU
		{735CC9A5-047E-40C7-B87F-4AC822A369F2}.Release|Any CPU.ActiveCfg = Release|Any CPU
		{735CC9A5-047E-40C7-B87F-4AC822A369F2}.Release|Any CPU.Build.0 = Release|Any CPU
		{7B81699B-B92F-4E9F-B2AA-8812B26F5CCF}.Debug|Any CPU.ActiveCfg = Debug|Any CPU
		{7B81699B-B92F-4E9F-B2AA-8812B26F5CCF}.Debug|Any CPU.Build.0 = Debug|Any CPU
		{7B81699B-B92F-4E9F-B2AA-8812B26F5CCF}.Release|Any CPU.ActiveCfg = Release|Any CPU
		{7B81699B-B92F-4E9F-B2AA-8812B26F5CCF}.Release|Any CPU.Build.0 = Release|Any CPU
	EndGlobalSection
	GlobalSection(SolutionProperties) = preSolution
		HideSolutionNode = FALSE
	EndGlobalSection
	GlobalSection(ExtensibilityGlobals) = postSolution
		SolutionGuid = {96C7BE8E-799F-4604-8AD3-AD205B9764D8}
	EndGlobalSection
EndGlobal
