
Microsoft Visual Studio Solution File, Format Version 12.00
# Visual Studio Version 16
VisualStudioVersion = 16.0.31729.503
MinimumVisualStudioVersion = 10.0.40219.1
Project("{FAE04EC0-301F-11D3-BF4B-00C04F79EFBC}") = "EstudoCSharp", "EstudoCSharp\EstudoCSharp.csproj", "{18A88174-F7E8-4CBC-901F-70F682F89313}"
EndProject
Global
	GlobalSection(SolutionConfigurationPlatforms) = preSolution
		Debug|Any CPU = Debug|Any CPU
		Release|Any CPU = Release|Any CPU
	EndGlobalSection
	GlobalSection(ProjectConfigurationPlatforms) = postSolution
		{18A88174-F7E8-4CBC-901F-70F682F89313}.Debug|Any CPU.ActiveCfg = Debug|Any CPU
		{18A88174-F7E8-4CBC-901F-70F682F89313}.Debug|Any CPU.Build.0 = Debug|Any CPU
		{18A88174-F7E8-4CBC-901F-70F682F89313}.Release|Any CPU.ActiveCfg = Release|Any CPU
		{18A88174-F7E8-4CBC-901F-70F682F89313}.Release|Any CPU.Build.0 = Release|Any CPU
	EndGlobalSection
	GlobalSection(SolutionProperties) = preSolution
		HideSolutionNode = FALSE
	EndGlobalSection
	GlobalSection(ExtensibilityGlobals) = postSolution
		SolutionGuid = {536B5AB0-4430-492E-9963-C103F8E03F1F}
	EndGlobalSection
EndGlobal
