
Microsoft Visual Studio Solution File, Format Version 12.00
# Visual Studio Version 16
VisualStudioVersion = 16.0.31729.503
MinimumVisualStudioVersion = 10.0.40219.1
Project("{FAE04EC0-301F-11D3-BF4B-00C04F79EFBC}") = "CSharpCompleto", "CSharpCompleto\CSharpCompleto.csproj", "{50A0AE26-BBDE-47D3-8E17-9906054982F4}"
EndProject
Global
	GlobalSection(SolutionConfigurationPlatforms) = preSolution
		Debug|Any CPU = Debug|Any CPU
		Release|Any CPU = Release|Any CPU
	EndGlobalSection
	GlobalSection(ProjectConfigurationPlatforms) = postSolution
		{50A0AE26-BBDE-47D3-8E17-9906054982F4}.Debug|Any CPU.ActiveCfg = Debug|Any CPU
		{50A0AE26-BBDE-47D3-8E17-9906054982F4}.Debug|Any CPU.Build.0 = Debug|Any CPU
		{50A0AE26-BBDE-47D3-8E17-9906054982F4}.Release|Any CPU.ActiveCfg = Release|Any CPU
		{50A0AE26-BBDE-47D3-8E17-9906054982F4}.Release|Any CPU.Build.0 = Release|Any CPU
	EndGlobalSection
	GlobalSection(SolutionProperties) = preSolution
		HideSolutionNode = FALSE
	EndGlobalSection
	GlobalSection(ExtensibilityGlobals) = postSolution
		SolutionGuid = {3EB1F056-CE47-421A-BFA9-B13DB813F7C6}
	EndGlobalSection
EndGlobal
